
Microsoft Visual Studio Solution File, Format Version 12.00
# Visual Studio Version 17
VisualStudioVersion = 17.9.34622.214
MinimumVisualStudioVersion = 10.0.40219.1
Project("{9A19103F-16F7-4668-BE54-9A1E7A4F7556}") = "Atividade_07_05", "Atividade_07_05.csproj", "{58892D82-0624-4B43-A990-A648C731CDD2}"
EndProject
Global
	GlobalSection(SolutionConfigurationPlatforms) = preSolution
		Debug|Any CPU = Debug|Any CPU
		Release|Any CPU = Release|Any CPU
	EndGlobalSection
	GlobalSection(ProjectConfigurationPlatforms) = postSolution
		{58892D82-0624-4B43-A990-A648C731CDD2}.Debug|Any CPU.ActiveCfg = Debug|Any CPU
		{58892D82-0624-4B43-A990-A648C731CDD2}.Debug|Any CPU.Build.0 = Debug|Any CPU
		{58892D82-0624-4B43-A990-A648C731CDD2}.Release|Any CPU.ActiveCfg = Release|Any CPU
		{58892D82-0624-4B43-A990-A648C731CDD2}.Release|Any CPU.Build.0 = Release|Any CPU
	EndGlobalSection
	GlobalSection(SolutionProperties) = preSolution
		HideSolutionNode = FALSE
	EndGlobalSection
	GlobalSection(ExtensibilityGlobals) = postSolution
		SolutionGuid = {DA4D30B7-CDBF-4D19-8196-EA52ED7139F1}
	EndGlobalSection
EndGlobal
